{
  "name": "kyliegame",
  "version": "1.0.0",
  "lockfileVersion": 3,
  "requires": true,
  "packages": {
    "": {
      "name": "kyliegame",
      "version": "1.0.0",
      "license": "ISC",
      "dependencies": {
        "konva": "^9.3.20"
      }
    },
    "node_modules/konva": {
      "version": "9.3.20",
      "resolved": "https://registry.npmjs.org/konva/-/konva-9.3.20.tgz",
      "integrity": "sha512-7XPD/YtgfzC8b1c7z0hhY5TF1IO/pBYNa29zMTA2PeBaqI0n5YplUeo4JRuRcljeAF8lWtW65jePZZF7064c8w==",
      "funding": [
        {
          "type": "patreon",
          "url": "https://www.patreon.com/lavrton"
        },
        {
          "type": "opencollective",
          "url": "https://opencollective.com/konva"
        },
        {
          "type": "github",
          "url": "https://github.com/sponsors/lavrton"
        }
      ],
      "license": "MIT"
    }
  }
}
